
Microsoft Visual Studio Solution File, Format Version 12.00
# Visual Studio 15
VisualStudioVersion = 15.0.27130.2027
MinimumVisualStudioVersion = 10.0.40219.1
Project("{FAE04EC0-301F-11D3-BF4B-00C04F79EFBC}") = "Lab6", "Lab6\Lab6.csproj", "{AAB84657-865B-4B94-9609-A2AC4AFA9FE8}"
EndProject
Global
	GlobalSection(SolutionConfigurationPlatforms) = preSolution
		Debug|Any CPU = Debug|Any CPU
		Release|Any CPU = Release|Any CPU
	EndGlobalSection
	GlobalSection(ProjectConfigurationPlatforms) = postSolution
		{AAB84657-865B-4B94-9609-A2AC4AFA9FE8}.Debug|Any CPU.ActiveCfg = Debug|Any CPU
		{AAB84657-865B-4B94-9609-A2AC4AFA9FE8}.Debug|Any CPU.Build.0 = Debug|Any CPU
		{AAB84657-865B-4B94-9609-A2AC4AFA9FE8}.Release|Any CPU.ActiveCfg = Release|Any CPU
		{AAB84657-865B-4B94-9609-A2AC4AFA9FE8}.Release|Any CPU.Build.0 = Release|Any CPU
	EndGlobalSection
	GlobalSection(SolutionProperties) = preSolution
		HideSolutionNode = FALSE
	EndGlobalSection
	GlobalSection(ExtensibilityGlobals) = postSolution
		SolutionGuid = {0F6EE45A-3F88-40F0-9F8C-12F6EFDCC803}
	EndGlobalSection
EndGlobal
